
Microsoft Visual Studio Solution File, Format Version 12.00
# Visual Studio Version 17
VisualStudioVersion = 17.11.35219.272
MinimumVisualStudioVersion = 10.0.40219.1
Project("{888888A0-9F3D-457C-B088-3A5042F75D52}") = "11-12-24", "11-12-24.pyproj", "{926C5496-533B-4436-8101-8BD3B3482BEC}"
EndProject
Global
	GlobalSection(SolutionConfigurationPlatforms) = preSolution
		Debug|Any CPU = Debug|Any CPU
		Release|Any CPU = Release|Any CPU
	EndGlobalSection
	GlobalSection(ProjectConfigurationPlatforms) = postSolution
		{926C5496-533B-4436-8101-8BD3B3482BEC}.Debug|Any CPU.ActiveCfg = Debug|Any CPU
		{926C5496-533B-4436-8101-8BD3B3482BEC}.Release|Any CPU.ActiveCfg = Release|Any CPU
	EndGlobalSection
	GlobalSection(SolutionProperties) = preSolution
		HideSolutionNode = FALSE
	EndGlobalSection
	GlobalSection(ExtensibilityGlobals) = postSolution
		SolutionGuid = {33C0DEA4-6B46-49C2-9762-FD7E7CCADA27}
	EndGlobalSection
EndGlobal
